
Microsoft Visual Studio Solution File, Format Version 12.00
# Visual Studio 15
VisualStudioVersion = 15.0.27703.2035
MinimumVisualStudioVersion = 10.0.40219.1
Project("{2150E333-8FDC-42A3-9474-1A3956D46DE8}") = "Solution Items", "Solution Items", "{4AA4B730-C6E5-47E0-B74E-8862CE5E2937}"
	ProjectSection(SolutionItems) = preProject
		ClientUi\.gitignore = ClientUi\.gitignore
		build.cake = build.cake
		build.ps1 = build.ps1
	EndProjectSection
EndProject
Project("{9A19103F-16F7-4668-BE54-9A1E7A4F7556}") = "TimeIn.Test", "TimeIn.Test\TimeIn.Test.csproj", "{E5B1FA46-7F35-49A8-89D8-A244F4FD0A95}"
EndProject
Project("{FAE04EC0-301F-11D3-BF4B-00C04F79EFBC}") = "TimeIn.Api", "TimeIn.Api\TimeIn.Api.csproj", "{763F558B-23A1-4EBC-B9E1-DE704D7C0D44}"
EndProject
Global
	GlobalSection(SolutionConfigurationPlatforms) = preSolution
		Debug|Any CPU = Debug|Any CPU
		Release|Any CPU = Release|Any CPU
	EndGlobalSection
	GlobalSection(ProjectConfigurationPlatforms) = postSolution
		{E5B1FA46-7F35-49A8-89D8-A244F4FD0A95}.Debug|Any CPU.ActiveCfg = Debug|Any CPU
		{E5B1FA46-7F35-49A8-89D8-A244F4FD0A95}.Debug|Any CPU.Build.0 = Debug|Any CPU
		{E5B1FA46-7F35-49A8-89D8-A244F4FD0A95}.Release|Any CPU.ActiveCfg = Release|Any CPU
		{E5B1FA46-7F35-49A8-89D8-A244F4FD0A95}.Release|Any CPU.Build.0 = Release|Any CPU
		{763F558B-23A1-4EBC-B9E1-DE704D7C0D44}.Debug|Any CPU.ActiveCfg = Debug|Any CPU
		{763F558B-23A1-4EBC-B9E1-DE704D7C0D44}.Debug|Any CPU.Build.0 = Debug|Any CPU
		{763F558B-23A1-4EBC-B9E1-DE704D7C0D44}.Release|Any CPU.ActiveCfg = Release|Any CPU
		{763F558B-23A1-4EBC-B9E1-DE704D7C0D44}.Release|Any CPU.Build.0 = Release|Any CPU
	EndGlobalSection
	GlobalSection(SolutionProperties) = preSolution
		HideSolutionNode = FALSE
	EndGlobalSection
	GlobalSection(ExtensibilityGlobals) = postSolution
		SolutionGuid = {B5842958-9091-404B-A492-2396CB246356}
	EndGlobalSection
EndGlobal
